
Microsoft Visual Studio Solution File, Format Version 12.00
# Visual Studio Version 17
VisualStudioVersion = 17.11.35312.102
MinimumVisualStudioVersion = 10.0.40219.1
Project("{FAE04EC0-301F-11D3-BF4B-00C04F79EFBC}") = "PostsAPI", "PostsAPI.csproj", "{742DB310-3578-4BC6-9FA7-75AF413BCC18}"
EndProject
Project("{FAE04EC0-301F-11D3-BF4B-00C04F79EFBC}") = "PostsAPI.Tools", "..\PostsAPI.Tools\PostsAPI.Tools.csproj", "{9397141F-999F-4096-B120-1A16E1FD5D1D}"
EndProject
Project("{FAE04EC0-301F-11D3-BF4B-00C04F79EFBC}") = "PostsAPI.MsTest", "..\PostsAPI.MsTest\PostsAPI.MsTest.csproj", "{2FAD9F13-0642-4EFA-997B-820F838D4A4A}"
EndProject
Global
	GlobalSection(SolutionConfigurationPlatforms) = preSolution
		Debug|Any CPU = Debug|Any CPU
		Release|Any CPU = Release|Any CPU
	EndGlobalSection
	GlobalSection(ProjectConfigurationPlatforms) = postSolution
		{742DB310-3578-4BC6-9FA7-75AF413BCC18}.Debug|Any CPU.ActiveCfg = Debug|Any CPU
		{742DB310-3578-4BC6-9FA7-75AF413BCC18}.Debug|Any CPU.Build.0 = Debug|Any CPU
		{742DB310-3578-4BC6-9FA7-75AF413BCC18}.Release|Any CPU.ActiveCfg = Release|Any CPU
		{742DB310-3578-4BC6-9FA7-75AF413BCC18}.Release|Any CPU.Build.0 = Release|Any CPU
		{9397141F-999F-4096-B120-1A16E1FD5D1D}.Debug|Any CPU.ActiveCfg = Debug|Any CPU
		{9397141F-999F-4096-B120-1A16E1FD5D1D}.Debug|Any CPU.Build.0 = Debug|Any CPU
		{9397141F-999F-4096-B120-1A16E1FD5D1D}.Release|Any CPU.ActiveCfg = Release|Any CPU
		{9397141F-999F-4096-B120-1A16E1FD5D1D}.Release|Any CPU.Build.0 = Release|Any CPU
		{2FAD9F13-0642-4EFA-997B-820F838D4A4A}.Debug|Any CPU.ActiveCfg = Debug|Any CPU
		{2FAD9F13-0642-4EFA-997B-820F838D4A4A}.Debug|Any CPU.Build.0 = Debug|Any CPU
		{2FAD9F13-0642-4EFA-997B-820F838D4A4A}.Release|Any CPU.ActiveCfg = Release|Any CPU
		{2FAD9F13-0642-4EFA-997B-820F838D4A4A}.Release|Any CPU.Build.0 = Release|Any CPU
	EndGlobalSection
	GlobalSection(SolutionProperties) = preSolution
		HideSolutionNode = FALSE
	EndGlobalSection
	GlobalSection(ExtensibilityGlobals) = postSolution
		SolutionGuid = {920A8643-9BAC-4C15-9501-D188219E875A}
	EndGlobalSection
EndGlobal
